
Microsoft Visual Studio Solution File, Format Version 12.00
# Visual Studio 15
Project("{FAE04EC0-301F-11D3-BF4B-00C04F79EFBC}") = "BroomBalance", "BroomBalance.csproj", "{B442AB4F-8428-1087-56B2-6473846288B3}"
EndProject
Project("{FAE04EC0-301F-11D3-BF4B-00C04F79EFBC}") = "BroomBalance.Editor", "BroomBalance.Editor.csproj", "{F1C88EEB-EF75-CACC-696B-B91E11B42915}"
EndProject
Global
	GlobalSection(SolutionConfigurationPlatforms) = preSolution
		Debug|Any CPU = Debug|Any CPU
		Release|Any CPU = Release|Any CPU
	EndGlobalSection
	GlobalSection(ProjectConfigurationPlatforms) = postSolution
		{B442AB4F-8428-1087-56B2-6473846288B3}.Debug|Any CPU.ActiveCfg = Debug|Any CPU
		{B442AB4F-8428-1087-56B2-6473846288B3}.Debug|Any CPU.Build.0 = Debug|Any CPU
		{B442AB4F-8428-1087-56B2-6473846288B3}.Release|Any CPU.ActiveCfg = Release|Any CPU
		{B442AB4F-8428-1087-56B2-6473846288B3}.Release|Any CPU.Build.0 = Release|Any CPU
		{F1C88EEB-EF75-CACC-696B-B91E11B42915}.Debug|Any CPU.ActiveCfg = Debug|Any CPU
		{F1C88EEB-EF75-CACC-696B-B91E11B42915}.Debug|Any CPU.Build.0 = Debug|Any CPU
		{F1C88EEB-EF75-CACC-696B-B91E11B42915}.Release|Any CPU.ActiveCfg = Release|Any CPU
		{F1C88EEB-EF75-CACC-696B-B91E11B42915}.Release|Any CPU.Build.0 = Release|Any CPU
	EndGlobalSection
	GlobalSection(SolutionProperties) = preSolution
		HideSolutionNode = FALSE
	EndGlobalSection
EndGlobal
